
Microsoft Visual Studio Solution File, Format Version 12.00
# Visual Studio Version 16
VisualStudioVersion = 16.0.29509.3
MinimumVisualStudioVersion = 10.0.40219.1
Project("{FAE04EC0-301F-11D3-BF4B-00C04F79EFBC}") = "DevExtremeAspNetCoreApp2", "DevExtremeAspNetCoreApp2\DevExtremeAspNetCoreApp2.csproj", "{F17BB1BD-DB94-47DD-9610-0FE53BCB4450}"
EndProject
Project("{FAE04EC0-301F-11D3-BF4B-00C04F79EFBC}") = "WebApplication1", "WebApplication1\WebApplication1.csproj", "{55294493-7FC0-4FC1-B371-5197585A6138}"
EndProject
Global
	GlobalSection(SolutionConfigurationPlatforms) = preSolution
		Debug|Any CPU = Debug|Any CPU
		Release|Any CPU = Release|Any CPU
	EndGlobalSection
	GlobalSection(ProjectConfigurationPlatforms) = postSolution
		{F17BB1BD-DB94-47DD-9610-0FE53BCB4450}.Debug|Any CPU.ActiveCfg = Debug|Any CPU
		{F17BB1BD-DB94-47DD-9610-0FE53BCB4450}.Debug|Any CPU.Build.0 = Debug|Any CPU
		{F17BB1BD-DB94-47DD-9610-0FE53BCB4450}.Release|Any CPU.ActiveCfg = Release|Any CPU
		{F17BB1BD-DB94-47DD-9610-0FE53BCB4450}.Release|Any CPU.Build.0 = Release|Any CPU
		{55294493-7FC0-4FC1-B371-5197585A6138}.Debug|Any CPU.ActiveCfg = Debug|Any CPU
		{55294493-7FC0-4FC1-B371-5197585A6138}.Debug|Any CPU.Build.0 = Debug|Any CPU
		{55294493-7FC0-4FC1-B371-5197585A6138}.Release|Any CPU.ActiveCfg = Release|Any CPU
		{55294493-7FC0-4FC1-B371-5197585A6138}.Release|Any CPU.Build.0 = Release|Any CPU
	EndGlobalSection
	GlobalSection(SolutionProperties) = preSolution
		HideSolutionNode = FALSE
	EndGlobalSection
	GlobalSection(ExtensibilityGlobals) = postSolution
		SolutionGuid = {E3A7F0B7-A66D-4C4D-98B9-58161662F109}
	EndGlobalSection
EndGlobal
