
Microsoft Visual Studio Solution File, Format Version 12.00
# Visual Studio Version 16
VisualStudioVersion = 16.0.29609.76
MinimumVisualStudioVersion = 10.0.40219.1
Project("{FAE04EC0-301F-11D3-BF4B-00C04F79EFBC}") = "TelerikXamarinApp1.Android", "TelerikXamarinApp1\Android\TelerikXamarinApp1.Android.csproj", "{5128F335-49BA-4792-9F5C-BF0FD9057BAB}"
EndProject
Project("{FAE04EC0-301F-11D3-BF4B-00C04F79EFBC}") = "TelerikXamarinApp1.Portable", "TelerikXamarinApp1\Portable\TelerikXamarinApp1.Portable.csproj", "{BE2D1378-8AA5-4EFD-B44E-2C61F03A70B3}"
EndProject
Global
	GlobalSection(SolutionConfigurationPlatforms) = preSolution
		Debug|Any CPU = Debug|Any CPU
		Release|Any CPU = Release|Any CPU
	EndGlobalSection
	GlobalSection(ProjectConfigurationPlatforms) = postSolution
		{5128F335-49BA-4792-9F5C-BF0FD9057BAB}.Debug|Any CPU.ActiveCfg = Debug|Any CPU
		{5128F335-49BA-4792-9F5C-BF0FD9057BAB}.Debug|Any CPU.Build.0 = Debug|Any CPU
		{5128F335-49BA-4792-9F5C-BF0FD9057BAB}.Debug|Any CPU.Deploy.0 = Debug|Any CPU
		{5128F335-49BA-4792-9F5C-BF0FD9057BAB}.Release|Any CPU.ActiveCfg = Release|Any CPU
		{5128F335-49BA-4792-9F5C-BF0FD9057BAB}.Release|Any CPU.Build.0 = Release|Any CPU
		{5128F335-49BA-4792-9F5C-BF0FD9057BAB}.Release|Any CPU.Deploy.0 = Release|Any CPU
		{BE2D1378-8AA5-4EFD-B44E-2C61F03A70B3}.Debug|Any CPU.ActiveCfg = Debug|Any CPU
		{BE2D1378-8AA5-4EFD-B44E-2C61F03A70B3}.Debug|Any CPU.Build.0 = Debug|Any CPU
		{BE2D1378-8AA5-4EFD-B44E-2C61F03A70B3}.Release|Any CPU.ActiveCfg = Release|Any CPU
		{BE2D1378-8AA5-4EFD-B44E-2C61F03A70B3}.Release|Any CPU.Build.0 = Release|Any CPU
	EndGlobalSection
	GlobalSection(SolutionProperties) = preSolution
		HideSolutionNode = FALSE
	EndGlobalSection
	GlobalSection(ExtensibilityGlobals) = postSolution
		SolutionGuid = {60472533-C69D-476B-97E6-1395C8D34F2B}
	EndGlobalSection
EndGlobal
